
Microsoft Visual Studio Solution File, Format Version 10.00
# Visual Studio 2008
Project("{8BC9CEB8-8B4A-11D0-8D11-00A0C91BC942}") = "restd", "restd.vcproj", "{AEEA0371-597A-4F5E-A451-61B0C16DBF71}"
EndProject
Global
	GlobalSection(SolutionConfigurationPlatforms) = preSolution
		Debug|Win32 = Debug|Win32
		Release|Win32 = Release|Win32
	EndGlobalSection
	GlobalSection(ProjectConfigurationPlatforms) = postSolution
		{AEEA0371-597A-4F5E-A451-61B0C16DBF71}.Debug|Win32.ActiveCfg = Debug|Win32
		{AEEA0371-597A-4F5E-A451-61B0C16DBF71}.Debug|Win32.Build.0 = Debug|Win32
		{AEEA0371-597A-4F5E-A451-61B0C16DBF71}.Release|Win32.ActiveCfg = Release|Win32
		{AEEA0371-597A-4F5E-A451-61B0C16DBF71}.Release|Win32.Build.0 = Release|Win32
	EndGlobalSection
	GlobalSection(SolutionProperties) = preSolution
		HideSolutionNode = FALSE
	EndGlobalSection
EndGlobal
